dependencies:
  RF24:
    component_hash: 2ee3ce3a34d0437d89cb98cca9b9dd012a5c65654d387f5cda57d5492f2a72ad
    dependencies:
    - name: idf
      version: '>=5.1.0'
    source:
      git: git@github.com:Happyrobot33/RF24.git
      path: .
      type: git
    version: b4c984488cd76e6f1dd362f848a58e2541153e41
  idf:
    source:
      type: idf
    version: 6.0.2
  livekit/nanopb:
    component_hash: 5b3bd915d2eb2ad1a7bb4a3ca655c40f31bab5f4f48e75ec04e300dc9ab78f4d
    dependencies: []
    source:
      registry_url: https://components.espressif.com/
      type: service
    version: 0.4.9
direct_dependencies:
- RF24
- idf
- livekit/nanopb
manifest_hash: c64ff562cf5a8ff66df051ab432643373e477bfe333589c24a440c9529db2088
target: esp32
version: 3.0.0
