dependencies:
  espressif/led_strip:
    component_hash: 28621486f77229aaf81c71f5e15d6fbf36c2949cf11094e07090593e659e7639
    dependencies:
    - name: idf
      require: private
      version: '>=5.0'
    source:
      registry_url: https://components.espressif.com/
      type: service
    version: 3.0.3
  idf:
    source:
      type: idf
    version: 6.0.2
  livekit/nanopb:
    component_hash: 5b3bd915d2eb2ad1a7bb4a3ca655c40f31bab5f4f48e75ec04e300dc9ab78f4d
    dependencies: []
    source:
      registry_url: https://components.espressif.com/
      type: service
    version: 0.4.9
  nopnop2002/mirf:
    component_hash: c2125d8b02cda80cb893045bac67ad29670c05839ba712f1216a261d5d8a2b02
    dependencies: []
    source:
      git: https://github.com/nopnop2002/esp-idf-mirf.git
      path: components/mirf/
      type: git
    version: 5c10ba0bc0c7bfe918217092d8001989eb3d197c
direct_dependencies:
- espressif/led_strip
- idf
- livekit/nanopb
- nopnop2002/mirf
manifest_hash: 2d3f4b8397d432c9df48fa61c6b26cd94365a8befba82f9732417d0a545c4e69
target: esp32
version: 3.0.0
